
Microsoft Visual Studio Solution File, Format Version 12.00
# Visual Studio Version 16
VisualStudioVersion = 16.0.29613.14
MinimumVisualStudioVersion = 10.0.40219.1
Project("{9A19103F-16F7-4668-BE54-9A1E7A4F7556}") = "MarlinToolset", "MarlinToolset\MarlinToolset.csproj", "{19BDB3F5-7D62-4A26-95D9-311CE7D07A13}"
EndProject
Project("{2150E333-8FDC-42A3-9474-1A3956D46DE8}") = "Solution Files", "Solution Files", "{091E904E-7BA5-492F-A27E-FB682B141201}"
	ProjectSection(SolutionItems) = preProject
		.travis.yml = .travis.yml
		nuget.config = nuget.config
		README.md = README.md
	EndProjectSection
EndProject
Project("{2150E333-8FDC-42A3-9474-1A3956D46DE8}") = "Tests", "Tests", "{476A9E53-2605-4F7D-979D-50E72CAFD658}"
EndProject
Project("{FAE04EC0-301F-11D3-BF4B-00C04F79EFBC}") = "MarlinToolset.UnitTests", "MarlinToolset.UnitTests\MarlinToolset.UnitTests.csproj", "{504070D5-338E-4046-BBAE-F3004B40BC80}"
EndProject
Global
	GlobalSection(SolutionConfigurationPlatforms) = preSolution
		Debug|Any CPU = Debug|Any CPU
		Release|Any CPU = Release|Any CPU
	EndGlobalSection
	GlobalSection(ProjectConfigurationPlatforms) = postSolution
		{19BDB3F5-7D62-4A26-95D9-311CE7D07A13}.Debug|Any CPU.ActiveCfg = Debug|Any CPU
		{19BDB3F5-7D62-4A26-95D9-311CE7D07A13}.Debug|Any CPU.Build.0 = Debug|Any CPU
		{19BDB3F5-7D62-4A26-95D9-311CE7D07A13}.Release|Any CPU.ActiveCfg = Release|Any CPU
		{19BDB3F5-7D62-4A26-95D9-311CE7D07A13}.Release|Any CPU.Build.0 = Release|Any CPU
		{504070D5-338E-4046-BBAE-F3004B40BC80}.Debug|Any CPU.ActiveCfg = Debug|Any CPU
		{504070D5-338E-4046-BBAE-F3004B40BC80}.Debug|Any CPU.Build.0 = Debug|Any CPU
		{504070D5-338E-4046-BBAE-F3004B40BC80}.Release|Any CPU.ActiveCfg = Release|Any CPU
		{504070D5-338E-4046-BBAE-F3004B40BC80}.Release|Any CPU.Build.0 = Release|Any CPU
	EndGlobalSection
	GlobalSection(SolutionProperties) = preSolution
		HideSolutionNode = FALSE
	EndGlobalSection
	GlobalSection(NestedProjects) = preSolution
		{504070D5-338E-4046-BBAE-F3004B40BC80} = {476A9E53-2605-4F7D-979D-50E72CAFD658}
	EndGlobalSection
	GlobalSection(ExtensibilityGlobals) = postSolution
		SolutionGuid = {87B4BE99-0B14-43C3-9515-52A0E45B2046}
	EndGlobalSection
EndGlobal
