
Microsoft Visual Studio Solution File, Format Version 12.00
# Visual Studio Version 16
VisualStudioVersion = 16.0.29613.14
MinimumVisualStudioVersion = 10.0.40219.1
Project("{FAE04EC0-301F-11D3-BF4B-00C04F79EFBC}") = "MarlinToolset", "MarlinToolset\MarlinToolset.csproj", "{19BDB3F5-7D62-4A26-95D9-311CE7D07A13}"
EndProject
Global
	GlobalSection(SolutionConfigurationPlatforms) = preSolution
		Debug|Any CPU = Debug|Any CPU
		Release|Any CPU = Release|Any CPU
	EndGlobalSection
	GlobalSection(ProjectConfigurationPlatforms) = postSolution
		{19BDB3F5-7D62-4A26-95D9-311CE7D07A13}.Debug|Any CPU.ActiveCfg = Debug|Any CPU
		{19BDB3F5-7D62-4A26-95D9-311CE7D07A13}.Debug|Any CPU.Build.0 = Debug|Any CPU
		{19BDB3F5-7D62-4A26-95D9-311CE7D07A13}.Release|Any CPU.ActiveCfg = Release|Any CPU
		{19BDB3F5-7D62-4A26-95D9-311CE7D07A13}.Release|Any CPU.Build.0 = Release|Any CPU
	EndGlobalSection
	GlobalSection(SolutionProperties) = preSolution
		HideSolutionNode = FALSE
	EndGlobalSection
	GlobalSection(ExtensibilityGlobals) = postSolution
		SolutionGuid = {87B4BE99-0B14-43C3-9515-52A0E45B2046}
	EndGlobalSection
EndGlobal
